
Microsoft Visual Studio Solution File, Format Version 12.00
# Visual Studio 15
VisualStudioVersion = 15.0.27703.2026
MinimumVisualStudioVersion = 10.0.40219.1
Project("{FAE04EC0-301F-11D3-BF4B-00C04F79EFBC}") = "DumpInheritanceHierarchy", "DumpInheritanceHierarchy\DumpInheritanceHierarchy.csproj", "{93D8ED8F-6A6A-44A2-85F9-4F18E346405E}"
EndProject
Global
	GlobalSection(SolutionConfigurationPlatforms) = preSolution
		Debug|Any CPU = Debug|Any CPU
		Release|Any CPU = Release|Any CPU
	EndGlobalSection
	GlobalSection(ProjectConfigurationPlatforms) = postSolution
		{93D8ED8F-6A6A-44A2-85F9-4F18E346405E}.Debug|Any CPU.ActiveCfg = Debug|Any CPU
		{93D8ED8F-6A6A-44A2-85F9-4F18E346405E}.Debug|Any CPU.Build.0 = Debug|Any CPU
		{93D8ED8F-6A6A-44A2-85F9-4F18E346405E}.Release|Any CPU.ActiveCfg = Release|Any CPU
		{93D8ED8F-6A6A-44A2-85F9-4F18E346405E}.Release|Any CPU.Build.0 = Release|Any CPU
	EndGlobalSection
	GlobalSection(SolutionProperties) = preSolution
		HideSolutionNode = FALSE
	EndGlobalSection
	GlobalSection(ExtensibilityGlobals) = postSolution
		SolutionGuid = {1649393E-5B47-4D1F-8C3A-495F3F11DD94}
	EndGlobalSection
EndGlobal
